
Microsoft Visual Studio Solution File, Format Version 12.00
# Visual Studio Version 16
VisualStudioVersion = 16.0.31410.357
MinimumVisualStudioVersion = 10.0.40219.1
Project("{FAE04EC0-301F-11D3-BF4B-00C04F79EFBC}") = "Fiap.Aula02.Exemplo", "FiapAula02.Exemplo\Fiap.Aula02.Exemplo.csproj", "{DB2A9D4D-A29F-4EF2-AAE3-69677443B34E}"
EndProject
Project("{FAE04EC0-301F-11D3-BF4B-00C04F79EFBC}") = "Fiap.Aula02.Exercicio1", "Fiap.Aula02.Exercicio1\Fiap.Aula02.Exercicio1.csproj", "{6F6BF4DC-63CC-4211-BDE1-5AF8AA63B768}"
EndProject
Global
	GlobalSection(SolutionConfigurationPlatforms) = preSolution
		Debug|Any CPU = Debug|Any CPU
		Release|Any CPU = Release|Any CPU
	EndGlobalSection
	GlobalSection(ProjectConfigurationPlatforms) = postSolution
		{DB2A9D4D-A29F-4EF2-AAE3-69677443B34E}.Debug|Any CPU.ActiveCfg = Debug|Any CPU
		{DB2A9D4D-A29F-4EF2-AAE3-69677443B34E}.Debug|Any CPU.Build.0 = Debug|Any CPU
		{DB2A9D4D-A29F-4EF2-AAE3-69677443B34E}.Release|Any CPU.ActiveCfg = Release|Any CPU
		{DB2A9D4D-A29F-4EF2-AAE3-69677443B34E}.Release|Any CPU.Build.0 = Release|Any CPU
		{6F6BF4DC-63CC-4211-BDE1-5AF8AA63B768}.Debug|Any CPU.ActiveCfg = Debug|Any CPU
		{6F6BF4DC-63CC-4211-BDE1-5AF8AA63B768}.Debug|Any CPU.Build.0 = Debug|Any CPU
		{6F6BF4DC-63CC-4211-BDE1-5AF8AA63B768}.Release|Any CPU.ActiveCfg = Release|Any CPU
		{6F6BF4DC-63CC-4211-BDE1-5AF8AA63B768}.Release|Any CPU.Build.0 = Release|Any CPU
	EndGlobalSection
	GlobalSection(SolutionProperties) = preSolution
		HideSolutionNode = FALSE
	EndGlobalSection
	GlobalSection(ExtensibilityGlobals) = postSolution
		SolutionGuid = {8557ADEC-6596-4CDE-B8D2-5F5048CAF657}
	EndGlobalSection
EndGlobal
